{
  "version": 4,
  "terraform_version": "1.9.8",
  "serial": 18,
  "lineage": "3585c73a-6a68-e4d3-4fb9-f42b225d18b5",
  "outputs": {
    "cognito_identity_pool_id": {
      "value": "us-east-1:1e71ebd2-85a0-4f9d-9d19-0758c1eb1443",
      "type": "string"
    },
    "cognito_unauth_role_arn": {
      "value": "arn:aws:iam::779846822196:role/msi-transcribe-poc-cognito-unauth-role",
      "type": "string"
    },
    "custom_vocabulary_name": {
      "value": "msi-transcribe-poc-medical-spa",
      "type": "string"
    },
    "lambda_role_arn": {
      "value": "arn:aws:iam::779846822196:role/msi-transcribe-poc-lambda-role",
      "type": "string"
    },
    "region": {
      "value": "us-east-1",
      "type": "string"
    },
    "s3_bucket_name": {
      "value": "msi-transcribe-poc-transcripts-779846822196",
      "type": "string"
    },
    "sessions_table_name": {
      "value": "msi-transcribe-poc-sessions",
      "type": "string"
    }
  },
  "resources": [
    {
      "mode": "data",
      "type": "aws_caller_identity",
      "name": "current",
      "provider": "provider[\"registry.terraform.io/hashicorp/aws\"]",
      "instances": [
        {
          "schema_version": 0,
          "attributes": {
            "account_id": "779846822196",
            "arn": "arn:aws:iam::779846822196:user/aws-examples",
            "id": "779846822196",
            "user_id": "AIDA3LET6FE2ED7FBFVCY"
          },
          "sensitive_attributes": []
        }
      ]
    },
    {
      "mode": "data",
      "type": "aws_region",
      "name": "current",
      "provider": "provider[\"registry.terraform.io/hashicorp/aws\"]",
      "instances": [
        {
          "schema_version": 0,
          "attributes": {
            "description": "US East (N. Virginia)",
            "endpoint": "ec2.us-east-1.amazonaws.com",
            "id": "us-east-1",
            "name": "us-east-1"
          },
          "sensitive_attributes": []
        }
      ]
    },
    {
      "mode": "managed",
      "type": "aws_cognito_identity_pool",
      "name": "transcribe_pool",
      "provider": "provider[\"registry.terraform.io/hashicorp/aws\"]",
      "instances": [
        {
          "schema_version": 0,
          "attributes": {
            "allow_classic_flow": true,
            "allow_unauthenticated_identities": true,
            "arn": "arn:aws:cognito-identity:us-east-1:779846822196:identitypool/us-east-1:1e71ebd2-85a0-4f9d-9d19-0758c1eb1443",
            "cognito_identity_providers": [],
            "developer_provider_name": "",
            "id": "us-east-1:1e71ebd2-85a0-4f9d-9d19-0758c1eb1443",
            "identity_pool_name": "msi-transcribe-poc-identity-pool",
            "openid_connect_provider_arns": [],
            "saml_provider_arns": [],
            "supported_login_providers": {},
            "tags": {
              "project": "msi-transcribe-poc"
            },
            "tags_all": {
              "project": "msi-transcribe-poc"
            }
          },
          "sensitive_attributes": [],
          "private": "bnVsbA=="
        }
      ]
    },
    {
      "mode": "managed",
      "type": "aws_cognito_identity_pool_roles_attachment",
      "name": "main",
      "provider": "provider[\"registry.terraform.io/hashicorp/aws\"]",
      "instances": [
        {
          "schema_version": 0,
          "attributes": {
            "id": "us-east-1:1e71ebd2-85a0-4f9d-9d19-0758c1eb1443",
            "identity_pool_id": "us-east-1:1e71ebd2-85a0-4f9d-9d19-0758c1eb1443",
            "role_mapping": [],
            "roles": {
              "unauthenticated": "arn:aws:iam::779846822196:role/msi-transcribe-poc-cognito-unauth-role"
            }
          },
          "sensitive_attributes": [],
          "private": "bnVsbA==",
          "dependencies": [
            "aws_cognito_identity_pool.transcribe_pool",
            "aws_iam_role.cognito_unauth_role"
          ]
        }
      ]
    },
    {
      "mode": "managed",
      "type": "aws_dynamodb_table",
      "name": "sessions",
      "provider": "provider[\"registry.terraform.io/hashicorp/aws\"]",
      "instances": [
        {
          "schema_version": 1,
          "attributes": {
            "arn": "arn:aws:dynamodb:us-east-1:779846822196:table/msi-transcribe-poc-sessions",
            "attribute": [
              {
                "name": "sessionId",
                "type": "S"
              }
            ],
            "billing_mode": "PAY_PER_REQUEST",
            "deletion_protection_enabled": false,
            "global_secondary_index": [],
            "hash_key": "sessionId",
            "id": "msi-transcribe-poc-sessions",
            "import_table": [],
            "local_secondary_index": [],
            "name": "msi-transcribe-poc-sessions",
            "on_demand_throughput": [],
            "point_in_time_recovery": [
              {
                "enabled": false,
                "recovery_period_in_days": 0
              }
            ],
            "range_key": null,
            "read_capacity": 0,
            "replica": [],
            "restore_date_time": null,
            "restore_source_name": null,
            "restore_source_table_arn": null,
            "restore_to_latest_time": null,
            "server_side_encryption": [],
            "stream_arn": "",
            "stream_enabled": false,
            "stream_label": "",
            "stream_view_type": "",
            "table_class": "STANDARD",
            "tags": {
              "project": "msi-transcribe-poc"
            },
            "tags_all": {
              "project": "msi-transcribe-poc"
            },
            "timeouts": null,
            "ttl": [
              {
                "attribute_name": "",
                "enabled": false
              }
            ],
            "write_capacity": 0
          },
          "sensitive_attributes": [],
          "private": "eyJlMmJmYjczMC1lY2FhLTExZTYtOGY4OC0zNDM2M2JjN2M0YzAiOnsiY3JlYXRlIjoxODAwMDAwMDAwMDAwLCJkZWxldGUiOjYwMDAwMDAwMDAwMCwidXBkYXRlIjozNjAwMDAwMDAwMDAwfSwic2NoZW1hX3ZlcnNpb24iOiIxIn0="
        }
      ]
    },
    {
      "mode": "managed",
      "type": "aws_iam_role",
      "name": "cognito_unauth_role",
      "provider": "provider[\"registry.terraform.io/hashicorp/aws\"]",
      "instances": [
        {
          "schema_version": 0,
          "attributes": {
            "arn": "arn:aws:iam::779846822196:role/msi-transcribe-poc-cognito-unauth-role",
            "assume_role_policy": "{\"Statement\":[{\"Action\":\"sts:AssumeRoleWithWebIdentity\",\"Condition\":{\"ForAnyValue:StringLike\":{\"cognito-identity.amazonaws.com:amr\":\"unauthenticated\"},\"StringEquals\":{\"cognito-identity.amazonaws.com:aud\":\"us-east-1:1e71ebd2-85a0-4f9d-9d19-0758c1eb1443\"}},\"Effect\":\"Allow\",\"Principal\":{\"Federated\":\"cognito-identity.amazonaws.com\"}}],\"Version\":\"2012-10-17\"}",
            "create_date": "2026-04-23T03:06:20Z",
            "description": "",
            "force_detach_policies": false,
            "id": "msi-transcribe-poc-cognito-unauth-role",
            "inline_policy": [
              {
                "name": "msi-transcribe-poc-cognito-unauth-policy",
                "policy": "{\"Version\":\"2012-10-17\",\"Statement\":[{\"Action\":[\"transcribe:StartStreamTranscriptionWebSocket\"],\"Effect\":\"Allow\",\"Resource\":\"*\"}]}"
              }
            ],
            "managed_policy_arns": [],
            "max_session_duration": 3600,
            "name": "msi-transcribe-poc-cognito-unauth-role",
            "name_prefix": "",
            "path": "/",
            "permissions_boundary": "",
            "tags": {
              "project": "msi-transcribe-poc"
            },
            "tags_all": {
              "project": "msi-transcribe-poc"
            },
            "unique_id": "AROA3LET6FE2LNYUM6PD5"
          },
          "sensitive_attributes": [],
          "private": "bnVsbA==",
          "dependencies": [
            "aws_cognito_identity_pool.transcribe_pool"
          ]
        }
      ]
    },
    {
      "mode": "managed",
      "type": "aws_iam_role",
      "name": "lambda_role",
      "provider": "provider[\"registry.terraform.io/hashicorp/aws\"]",
      "instances": [
        {
          "schema_version": 0,
          "attributes": {
            "arn": "arn:aws:iam::779846822196:role/msi-transcribe-poc-lambda-role",
            "assume_role_policy": "{\"Statement\":[{\"Action\":\"sts:AssumeRole\",\"Effect\":\"Allow\",\"Principal\":{\"Service\":\"lambda.amazonaws.com\"}}],\"Version\":\"2012-10-17\"}",
            "create_date": "2026-04-23T02:45:25Z",
            "description": "",
            "force_detach_policies": false,
            "id": "msi-transcribe-poc-lambda-role",
            "inline_policy": [
              {
                "name": "msi-transcribe-poc-lambda-policy",
                "policy": "{\"Version\":\"2012-10-17\",\"Statement\":[{\"Action\":[\"logs:CreateLogGroup\",\"logs:CreateLogStream\",\"logs:PutLogEvents\"],\"Effect\":\"Allow\",\"Resource\":\"arn:aws:logs:us-east-1:779846822196:*\"},{\"Action\":[\"dynamodb:GetItem\",\"dynamodb:PutItem\",\"dynamodb:UpdateItem\",\"dynamodb:DeleteItem\",\"dynamodb:Scan\"],\"Effect\":\"Allow\",\"Resource\":\"arn:aws:dynamodb:us-east-1:779846822196:table/msi-transcribe-poc-sessions\"},{\"Action\":[\"s3:PutObject\",\"s3:GetObject\"],\"Effect\":\"Allow\",\"Resource\":\"arn:aws:s3:::msi-transcribe-poc-transcripts-779846822196/*\"},{\"Action\":[\"bedrock:InvokeModel\"],\"Effect\":\"Allow\",\"Resource\":\"arn:aws:bedrock:us-east-1::foundation-model/*\"}]}"
              }
            ],
            "managed_policy_arns": [],
            "max_session_duration": 3600,
            "name": "msi-transcribe-poc-lambda-role",
            "name_prefix": "",
            "path": "/",
            "permissions_boundary": "",
            "tags": {
              "project": "msi-transcribe-poc"
            },
            "tags_all": {
              "project": "msi-transcribe-poc"
            },
            "unique_id": "AROA3LET6FE2ISM4OHGN2"
          },
          "sensitive_attributes": [],
          "private": "eyJzY2hlbWFfdmVyc2lvbiI6IjAifQ=="
        }
      ]
    },
    {
      "mode": "managed",
      "type": "aws_iam_role_policy",
      "name": "cognito_unauth_policy",
      "provider": "provider[\"registry.terraform.io/hashicorp/aws\"]",
      "instances": [
        {
          "schema_version": 0,
          "attributes": {
            "id": "msi-transcribe-poc-cognito-unauth-role:msi-transcribe-poc-cognito-unauth-policy",
            "name": "msi-transcribe-poc-cognito-unauth-policy",
            "name_prefix": "",
            "policy": "{\"Version\":\"2012-10-17\",\"Statement\":[{\"Action\":[\"transcribe:StartStreamTranscriptionWebSocket\"],\"Effect\":\"Allow\",\"Resource\":\"*\"}]}",
            "role": "msi-transcribe-poc-cognito-unauth-role"
          },
          "sensitive_attributes": [],
          "private": "bnVsbA==",
          "dependencies": [
            "aws_cognito_identity_pool.transcribe_pool",
            "aws_iam_role.cognito_unauth_role"
          ]
        }
      ]
    },
    {
      "mode": "managed",
      "type": "aws_iam_role_policy",
      "name": "lambda_policy",
      "provider": "provider[\"registry.terraform.io/hashicorp/aws\"]",
      "instances": [
        {
          "schema_version": 0,
          "attributes": {
            "id": "msi-transcribe-poc-lambda-role:msi-transcribe-poc-lambda-policy",
            "name": "msi-transcribe-poc-lambda-policy",
            "name_prefix": "",
            "policy": "{\"Version\":\"2012-10-17\",\"Statement\":[{\"Action\":[\"logs:CreateLogGroup\",\"logs:CreateLogStream\",\"logs:PutLogEvents\"],\"Effect\":\"Allow\",\"Resource\":\"arn:aws:logs:us-east-1:779846822196:*\"},{\"Action\":[\"dynamodb:GetItem\",\"dynamodb:PutItem\",\"dynamodb:UpdateItem\",\"dynamodb:DeleteItem\",\"dynamodb:Scan\"],\"Effect\":\"Allow\",\"Resource\":\"arn:aws:dynamodb:us-east-1:779846822196:table/msi-transcribe-poc-sessions\"},{\"Action\":[\"s3:PutObject\",\"s3:GetObject\"],\"Effect\":\"Allow\",\"Resource\":\"arn:aws:s3:::msi-transcribe-poc-transcripts-779846822196/*\"},{\"Action\":[\"bedrock:InvokeModel\"],\"Effect\":\"Allow\",\"Resource\":\"arn:aws:bedrock:us-east-1::foundation-model/*\"}]}",
            "role": "msi-transcribe-poc-lambda-role"
          },
          "sensitive_attributes": [],
          "private": "bnVsbA==",
          "dependencies": [
            "aws_dynamodb_table.sessions",
            "aws_iam_role.lambda_role",
            "aws_s3_bucket.transcripts",
            "data.aws_caller_identity.current",
            "data.aws_region.current"
          ]
        }
      ]
    },
    {
      "mode": "managed",
      "type": "aws_s3_bucket",
      "name": "transcripts",
      "provider": "provider[\"registry.terraform.io/hashicorp/aws\"]",
      "instances": [
        {
          "schema_version": 0,
          "attributes": {
            "acceleration_status": "",
            "acl": null,
            "arn": "arn:aws:s3:::msi-transcribe-poc-transcripts-779846822196",
            "bucket": "msi-transcribe-poc-transcripts-779846822196",
            "bucket_domain_name": "msi-transcribe-poc-transcripts-779846822196.s3.amazonaws.com",
            "bucket_prefix": "",
            "bucket_regional_domain_name": "msi-transcribe-poc-transcripts-779846822196.s3.us-east-1.amazonaws.com",
            "cors_rule": [],
            "force_destroy": null,
            "grant": [
              {
                "id": "3bd8d9a2deeef3887241335a6edf0f75d295b7c5d78f81d0a3a0ca78e8b99f7e",
                "permissions": [
                  "FULL_CONTROL"
                ],
                "type": "CanonicalUser",
                "uri": ""
              }
            ],
            "hosted_zone_id": "Z3AQBSTGFYJSTF",
            "id": "msi-transcribe-poc-transcripts-779846822196",
            "lifecycle_rule": [],
            "logging": [],
            "object_lock_configuration": [],
            "object_lock_enabled": false,
            "policy": "",
            "region": "us-east-1",
            "replication_configuration": [],
            "request_payer": "BucketOwner",
            "server_side_encryption_configuration": [
              {
                "rule": [
                  {
                    "apply_server_side_encryption_by_default": [
                      {
                        "kms_master_key_id": "",
                        "sse_algorithm": "AES256"
                      }
                    ],
                    "bucket_key_enabled": false
                  }
                ]
              }
            ],
            "tags": {
              "project": "msi-transcribe-poc"
            },
            "tags_all": {
              "project": "msi-transcribe-poc"
            },
            "timeouts": null,
            "versioning": [
              {
                "enabled": false,
                "mfa_delete": false
              }
            ],
            "website": [],
            "website_domain": null,
            "website_endpoint": null
          },
          "sensitive_attributes": [],
          "private": "eyJlMmJmYjczMC1lY2FhLTExZTYtOGY4OC0zNDM2M2JjN2M0YzAiOnsiY3JlYXRlIjoxMjAwMDAwMDAwMDAwLCJkZWxldGUiOjM2MDAwMDAwMDAwMDAsInJlYWQiOjEyMDAwMDAwMDAwMDAsInVwZGF0ZSI6MTIwMDAwMDAwMDAwMH0sInNjaGVtYV92ZXJzaW9uIjoiMCJ9",
          "dependencies": [
            "data.aws_caller_identity.current"
          ]
        }
      ]
    },
    {
      "mode": "managed",
      "type": "aws_s3_bucket_public_access_block",
      "name": "transcripts",
      "provider": "provider[\"registry.terraform.io/hashicorp/aws\"]",
      "instances": [
        {
          "schema_version": 0,
          "attributes": {
            "block_public_acls": true,
            "block_public_policy": true,
            "bucket": "msi-transcribe-poc-transcripts-779846822196",
            "id": "msi-transcribe-poc-transcripts-779846822196",
            "ignore_public_acls": true,
            "restrict_public_buckets": true
          },
          "sensitive_attributes": [],
          "private": "eyJzY2hlbWFfdmVyc2lvbiI6IjAifQ==",
          "dependencies": [
            "aws_s3_bucket.transcripts",
            "data.aws_caller_identity.current"
          ]
        }
      ]
    },
    {
      "mode": "managed",
      "type": "aws_s3_bucket_server_side_encryption_configuration",
      "name": "transcripts",
      "provider": "provider[\"registry.terraform.io/hashicorp/aws\"]",
      "instances": [
        {
          "schema_version": 0,
          "attributes": {
            "bucket": "msi-transcribe-poc-transcripts-779846822196",
            "expected_bucket_owner": "",
            "id": "msi-transcribe-poc-transcripts-779846822196",
            "rule": [
              {
                "apply_server_side_encryption_by_default": [
                  {
                    "kms_master_key_id": "",
                    "sse_algorithm": "AES256"
                  }
                ],
                "bucket_key_enabled": false
              }
            ]
          },
          "sensitive_attributes": [],
          "private": "eyJzY2hlbWFfdmVyc2lvbiI6IjAifQ==",
          "dependencies": [
            "aws_s3_bucket.transcripts",
            "data.aws_caller_identity.current"
          ]
        }
      ]
    },
    {
      "mode": "managed",
      "type": "aws_transcribe_vocabulary",
      "name": "medical_spa",
      "provider": "provider[\"registry.terraform.io/hashicorp/aws\"]",
      "instances": [
        {
          "status": "tainted",
          "schema_version": 0,
          "attributes": {
            "arn": null,
            "download_uri": null,
            "id": "msi-transcribe-poc-medical-spa",
            "language_code": "en-US",
            "phrases": [
              "Botox",
              "Dysport",
              "Juvederm",
              "Restylane",
              "microneedling",
              "dermaplaning",
              "chemical peel",
              "IPL",
              "laser resurfacing",
              "hyaluronic acid",
              "platelet-rich plasma",
              "PRP",
              "subcutaneous",
              "intramuscular",
              "erythema",
              "edema",
              "contraindication",
              "glabella",
              "nasolabial",
              "mentalis",
              "orbicularis",
              "corrugator",
              "procerus",
              "frontalis",
              "masseter",
              "CoolSculpting",
              "PDO threads",
              "neuromodulator",
              "dermal filler"
            ],
            "tags": {
              "project": "msi-transcribe-poc"
            },
            "tags_all": {
              "project": "msi-transcribe-poc"
            },
            "timeouts": null,
            "vocabulary_file_uri": null,
            "vocabulary_name": "msi-transcribe-poc-medical-spa"
          },
          "sensitive_attributes": [],
          "private": "eyJlMmJmYjczMC1lY2FhLTExZTYtOGY4OC0zNDM2M2JjN2M0YzAiOnsiY3JlYXRlIjoxODAwMDAwMDAwMDAwLCJkZWxldGUiOjE4MDAwMDAwMDAwMDAsInVwZGF0ZSI6MTgwMDAwMDAwMDAwMH19"
        }
      ]
    }
  ],
  "check_results": null
}
